// !$*UTF8*$!
{
	archiveVersion = 1;
	classes = {
	};
	objectVersion = 50;
	objects = {

/* Begin PBXBuildFile section */
		B1CF43E22383E00900CFB940 /* AppDelegate.swift in Sources */ = {isa = PBXBuildFile; fileRef = B1CF43E12383E00900CFB940 /* AppDelegate.swift */; };
		B1CF43E42383E00900CFB940 /* SceneDelegate.swift in Sources */ = {isa = PBXBuildFile; fileRef = B1CF43E32383E00900CFB940 /* SceneDelegate.swift */; };
		B1CF43E92383E00900CFB940 /* Main.storyboard in Resources */ = {isa = PBXBuildFile; fileRef = B1CF43E72383E00900CFB940 /* Main.storyboard */; };
		B1CF43EB2383E00A00CFB940 /* Assets.xcassets in Resources */ = {isa = PBXBuildFile; fileRef = B1CF43EA2383E00A00CFB940 /* Assets.xcassets */; };
		B1CF43EE2383E00A00CFB940 /* LaunchScreen.storyboard in Resources */ = {isa = PBXBuildFile; fileRef = B1CF43EC2383E00A00CFB940 /* LaunchScreen.storyboard */; };
		B1CF44042383E03100CFB940 /* data.json in Resources */ = {isa = PBXBuildFile; fileRef = B1CF44032383E03100CFB940 /* data.json */; };
		B1CF44072383E05A00CFB940 /* MockDecodable.swift in Sources */ = {isa = PBXBuildFile; fileRef = B1CF44062383E05A00CFB940 /* MockDecodable.swift */; };
		B1CF44092383E07A00CFB940 /* WeatherTests.swift in Sources */ = {isa = PBXBuildFile; fileRef = B1CF44082383E07A00CFB940 /* WeatherTests.swift */; };
		B1CF440C2383E0A100CFB940 /* Weather.swift in Sources */ = {isa = PBXBuildFile; fileRef = B1CF440B2383E0A100CFB940 /* Weather.swift */; };
		B1CF440F2383E0D000CFB940 /* Details.swift in Sources */ = {isa = PBXBuildFile; fileRef = B1CF440E2383E0D000CFB940 /* Details.swift */; };
		B1CF44122383F12700CFB940 /* WeatherViewController.swift in Sources */ = {isa = PBXBuildFile; fileRef = B1CF44112383F12700CFB940 /* WeatherViewController.swift */; };
		B1CF44142383F19400CFB940 /* GTWeatherClientTests.swift in Sources */ = {isa = PBXBuildFile; fileRef = B1CF44132383F19400CFB940 /* GTWeatherClientTests.swift */; };
		B1CF44172383F31600CFB940 /* GTWeatherClient.swift in Sources */ = {isa = PBXBuildFile; fileRef = B1CF44162383F31600CFB940 /* GTWeatherClient.swift */; };
		B1F8BF9D238407D00043D57E /* City.swift in Sources */ = {isa = PBXBuildFile; fileRef = B1F8BF9C238407D00043D57E /* City.swift */; };
		B1F8BF9F23840EB10043D57E /* MainData.swift in Sources */ = {isa = PBXBuildFile; fileRef = B1F8BF9E23840EB10043D57E /* MainData.swift */; };
		B1F8BFA32384162C0043D57E /* Forecast.swift in Sources */ = {isa = PBXBuildFile; fileRef = B1F8BFA22384162C0043D57E /* Forecast.swift */; };
/* End PBXBuildFile section */

/* Begin PBXContainerItemProxy section */
		B1CF43F52383E00A00CFB940 /* PBXContainerItemProxy */ = {
			isa = PBXContainerItemProxy;
			containerPortal = B1CF43D62383E00900CFB940 /* Project object */;
			proxyType = 1;
			remoteGlobalIDString = B1CF43DD2383E00900CFB940;
			remoteInfo = GTWeather;
		};
/* End PBXContainerItemProxy section */

/* Begin PBXFileReference section */
		B1CF43DE2383E00900CFB940 /* GTWeather.app */ = {isa = PBXFileReference; explicitFileType = wrapper.application; includeInIndex = 0; path = GTWeather.app; sourceTree = BUILT_PRODUCTS_DIR; };
		B1CF43E12383E00900CFB940 /* AppDelegate.swift */ = {isa = PBXFileReference; lastKnownFileType = sourcecode.swift; path = AppDelegate.swift; sourceTree = "<group>"; };
		B1CF43E32383E00900CFB940 /* SceneDelegate.swift */ = {isa = PBXFileReference; lastKnownFileType = sourcecode.swift; path = SceneDelegate.swift; sourceTree = "<group>"; };
		B1CF43E82383E00900CFB940 /* Base */ = {isa = PBXFileReference; lastKnownFileType = file.storyboard; name = Base; path = Base.lproj/Main.storyboard; sourceTree = "<group>"; };
		B1CF43EA2383E00A00CFB940 /* Assets.xcassets */ = {isa = PBXFileReference; lastKnownFileType = folder.assetcatalog; path = Assets.xcassets; sourceTree = "<group>"; };
		B1CF43ED2383E00A00CFB940 /* Base */ = {isa = PBXFileReference; lastKnownFileType = file.storyboard; name = Base; path = Base.lproj/LaunchScreen.storyboard; sourceTree = "<group>"; };
		B1CF43EF2383E00A00CFB940 /* Info.plist */ = {isa = PBXFileReference; lastKnownFileType = text.plist.xml; path = Info.plist; sourceTree = "<group>"; };
		B1CF43F42383E00A00CFB940 /* GTWeatherTests.xctest */ = {isa = PBXFileReference; explicitFileType = wrapper.cfbundle; includeInIndex = 0; path = GTWeatherTests.xctest; sourceTree = BUILT_PRODUCTS_DIR; };
		B1CF43FA2383E00A00CFB940 /* Info.plist */ = {isa = PBXFileReference; lastKnownFileType = text.plist.xml; path = Info.plist; sourceTree = "<group>"; };
		B1CF44032383E03100CFB940 /* data.json */ = {isa = PBXFileReference; lastKnownFileType = text.json; path = data.json; sourceTree = "<group>"; };
		B1CF44062383E05A00CFB940 /* MockDecodable.swift */ = {isa = PBXFileReference; lastKnownFileType = sourcecode.swift; path = MockDecodable.swift; sourceTree = "<group>"; };
		B1CF44082383E07A00CFB940 /* WeatherTests.swift */ = {isa = PBXFileReference; lastKnownFileType = sourcecode.swift; path = WeatherTests.swift; sourceTree = "<group>"; };
		B1CF440B2383E0A100CFB940 /* Weather.swift */ = {isa = PBXFileReference; lastKnownFileType = sourcecode.swift; path = Weather.swift; sourceTree = "<group>"; };
		B1CF440E2383E0D000CFB940 /* Details.swift */ = {isa = PBXFileReference; lastKnownFileType = sourcecode.swift; path = Details.swift; sourceTree = "<group>"; };
		B1CF44112383F12700CFB940 /* WeatherViewController.swift */ = {isa = PBXFileReference; lastKnownFileType = sourcecode.swift; path = WeatherViewController.swift; sourceTree = "<group>"; };
		B1CF44132383F19400CFB940 /* GTWeatherClientTests.swift */ = {isa = PBXFileReference; lastKnownFileType = sourcecode.swift; path = GTWeatherClientTests.swift; sourceTree = "<group>"; };
		B1CF44162383F31600CFB940 /* GTWeatherClient.swift */ = {isa = PBXFileReference; lastKnownFileType = sourcecode.swift; path = GTWeatherClient.swift; sourceTree = "<group>"; };
		B1F8BF9C238407D00043D57E /* City.swift */ = {isa = PBXFileReference; lastKnownFileType = sourcecode.swift; path = City.swift; sourceTree = "<group>"; };
		B1F8BF9E23840EB10043D57E /* MainData.swift */ = {isa = PBXFileReference; lastKnownFileType = sourcecode.swift; path = MainData.swift; sourceTree = "<group>"; };
		B1F8BFA22384162C0043D57E /* Forecast.swift */ = {isa = PBXFileReference; lastKnownFileType = sourcecode.swift; path = Forecast.swift; sourceTree = "<group>"; };
/* End PBXFileReference section */

/* Begin PBXFrameworksBuildPhase section */
		B1CF43DB2383E00900CFB940 /* Frameworks */ = {
			isa = PBXFrameworksBuildPhase;
			buildActionMask = 2147483647;
			files = (
			);
			runOnlyForDeploymentPostprocessing = 0;
		};
		B1CF43F12383E00A00CFB940 /* Frameworks */ = {
			isa = PBXFrameworksBuildPhase;
			buildActionMask = 2147483647;
			files = (
			);
			runOnlyForDeploymentPostprocessing = 0;
		};
/* End PBXFrameworksBuildPhase section */

/* Begin PBXGroup section */
		B1CF43D52383E00900CFB940 = {
			isa = PBXGroup;
			children = (
				B1CF43E02383E00900CFB940 /* GTWeather */,
				B1CF43F72383E00A00CFB940 /* GTWeatherTests */,
				B1CF43DF2383E00900CFB940 /* Products */,
			);
			sourceTree = "<group>";
		};
		B1CF43DF2383E00900CFB940 /* Products */ = {
			isa = PBXGroup;
			children = (
				B1CF43DE2383E00900CFB940 /* GTWeather.app */,
				B1CF43F42383E00A00CFB940 /* GTWeatherTests.xctest */,
			);
			name = Products;
			sourceTree = "<group>";
		};
		B1CF43E02383E00900CFB940 /* GTWeather */ = {
			isa = PBXGroup;
			children = (
				B1CF43E12383E00900CFB940 /* AppDelegate.swift */,
				B1CF43E32383E00900CFB940 /* SceneDelegate.swift */,
				B1CF43E72383E00900CFB940 /* Main.storyboard */,
				B1CF43EA2383E00A00CFB940 /* Assets.xcassets */,
				B1CF43EC2383E00A00CFB940 /* LaunchScreen.storyboard */,
				B1CF43EF2383E00A00CFB940 /* Info.plist */,
				B1CF440D2383E0AC00CFB940 /* Model */,
				B1CF44102383E0EF00CFB940 /* Controller */,
				B1CF44182383F31B00CFB940 /* Networking */,
			);
			path = GTWeather;
			sourceTree = "<group>";
		};
		B1CF43F72383E00A00CFB940 /* GTWeatherTests */ = {
			isa = PBXGroup;
			children = (
				B1CF43FA2383E00A00CFB940 /* Info.plist */,
				B1CF44062383E05A00CFB940 /* MockDecodable.swift */,
				B1CF440A2383E07F00CFB940 /* Model */,
				B1CF44052383E03700CFB940 /* Data */,
				B1CF44152383F19700CFB940 /* Networking */,
			);
			path = GTWeatherTests;
			sourceTree = "<group>";
		};
		B1CF44052383E03700CFB940 /* Data */ = {
			isa = PBXGroup;
			children = (
				B1CF44032383E03100CFB940 /* data.json */,
			);
			path = Data;
			sourceTree = "<group>";
		};
		B1CF440A2383E07F00CFB940 /* Model */ = {
			isa = PBXGroup;
			children = (
				B1CF44082383E07A00CFB940 /* WeatherTests.swift */,
			);
			path = Model;
			sourceTree = "<group>";
		};
		B1CF440D2383E0AC00CFB940 /* Model */ = {
			isa = PBXGroup;
			children = (
				B1CF440B2383E0A100CFB940 /* Weather.swift */,
				B1F8BF9E23840EB10043D57E /* MainData.swift */,
				B1CF440E2383E0D000CFB940 /* Details.swift */,
				B1F8BFA22384162C0043D57E /* Forecast.swift */,
				B1F8BF9C238407D00043D57E /* City.swift */,
			);
			path = Model;
			sourceTree = "<group>";
		};
		B1CF44102383E0EF00CFB940 /* Controller */ = {
			isa = PBXGroup;
			children = (
				B1CF44112383F12700CFB940 /* WeatherViewController.swift */,
			);
			path = Controller;
			sourceTree = "<group>";
		};
		B1CF44152383F19700CFB940 /* Networking */ = {
			isa = PBXGroup;
			children = (
				B1CF44132383F19400CFB940 /* GTWeatherClientTests.swift */,
			);
			path = Networking;
			sourceTree = "<group>";
		};
		B1CF44182383F31B00CFB940 /* Networking */ = {
			isa = PBXGroup;
			children = (
				B1CF44162383F31600CFB940 /* GTWeatherClient.swift */,
			);
			path = Networking;
			sourceTree = "<group>";
		};
/* End PBXGroup section */

/* Begin PBXNativeTarget section */
		B1CF43DD2383E00900CFB940 /* GTWeather */ = {
			isa = PBXNativeTarget;
			buildConfigurationList = B1CF43FD2383E00A00CFB940 /* Build configuration list for PBXNativeTarget "GTWeather" */;
			buildPhases = (
				B1CF43DA2383E00900CFB940 /* Sources */,
				B1CF43DB2383E00900CFB940 /* Frameworks */,
				B1CF43DC2383E00900CFB940 /* Resources */,
			);
			buildRules = (
			);
			dependencies = (
			);
			name = GTWeather;
			productName = GTWeather;
			productReference = B1CF43DE2383E00900CFB940 /* GTWeather.app */;
			productType = "com.apple.product-type.application";
		};
		B1CF43F32383E00A00CFB940 /* GTWeatherTests */ = {
			isa = PBXNativeTarget;
			buildConfigurationList = B1CF44002383E00A00CFB940 /* Build configuration list for PBXNativeTarget "GTWeatherTests" */;
			buildPhases = (
				B1CF43F02383E00A00CFB940 /* Sources */,
				B1CF43F12383E00A00CFB940 /* Frameworks */,
				B1CF43F22383E00A00CFB940 /* Resources */,
			);
			buildRules = (
			);
			dependencies = (
				B1CF43F62383E00A00CFB940 /* PBXTargetDependency */,
			);
			name = GTWeatherTests;
			productName = GTWeatherTests;
			productReference = B1CF43F42383E00A00CFB940 /* GTWeatherTests.xctest */;
			productType = "com.apple.product-type.bundle.unit-test";
		};
/* End PBXNativeTarget section */

/* Begin PBXProject section */
		B1CF43D62383E00900CFB940 /* Project object */ = {
			isa = PBXProject;
			attributes = {
				LastSwiftUpdateCheck = 1120;
				LastUpgradeCheck = 1120;
				ORGANIZATIONNAME = "Emmanuel Tugado";
				TargetAttributes = {
					B1CF43DD2383E00900CFB940 = {
						CreatedOnToolsVersion = 11.2;
					};
					B1CF43F32383E00A00CFB940 = {
						CreatedOnToolsVersion = 11.2;
						LastSwiftMigration = 1120;
						TestTargetID = B1CF43DD2383E00900CFB940;
					};
				};
			};
			buildConfigurationList = B1CF43D92383E00900CFB940 /* Build configuration list for PBXProject "GTWeather" */;
			compatibilityVersion = "Xcode 9.3";
			developmentRegion = en;
			hasScannedForEncodings = 0;
			knownRegions = (
				en,
				Base,
			);
			mainGroup = B1CF43D52383E00900CFB940;
			productRefGroup = B1CF43DF2383E00900CFB940 /* Products */;
			projectDirPath = "";
			projectRoot = "";
			targets = (
				B1CF43DD2383E00900CFB940 /* GTWeather */,
				B1CF43F32383E00A00CFB940 /* GTWeatherTests */,
			);
		};
/* End PBXProject section */

/* Begin PBXResourcesBuildPhase section */
		B1CF43DC2383E00900CFB940 /* Resources */ = {
			isa = PBXResourcesBuildPhase;
			buildActionMask = 2147483647;
			files = (
				B1CF43EE2383E00A00CFB940 /* LaunchScreen.storyboard in Resources */,
				B1CF43EB2383E00A00CFB940 /* Assets.xcassets in Resources */,
				B1CF43E92383E00900CFB940 /* Main.storyboard in Resources */,
			);
			runOnlyForDeploymentPostprocessing = 0;
		};
		B1CF43F22383E00A00CFB940 /* Resources */ = {
			isa = PBXResourcesBuildPhase;
			buildActionMask = 2147483647;
			files = (
				B1CF44042383E03100CFB940 /* data.json in Resources */,
			);
			runOnlyForDeploymentPostprocessing = 0;
		};
/* End PBXResourcesBuildPhase section */

/* Begin PBXSourcesBuildPhase section */
		B1CF43DA2383E00900CFB940 /* Sources */ = {
			isa = PBXSourcesBuildPhase;
			buildActionMask = 2147483647;
			files = (
				B1F8BF9F23840EB10043D57E /* MainData.swift in Sources */,
				B1CF44172383F31600CFB940 /* GTWeatherClient.swift in Sources */,
				B1CF440C2383E0A100CFB940 /* Weather.swift in Sources */,
				B1CF44122383F12700CFB940 /* WeatherViewController.swift in Sources */,
				B1F8BFA32384162C0043D57E /* Forecast.swift in Sources */,
				B1CF43E22383E00900CFB940 /* AppDelegate.swift in Sources */,
				B1CF440F2383E0D000CFB940 /* Details.swift in Sources */,
				B1F8BF9D238407D00043D57E /* City.swift in Sources */,
				B1CF43E42383E00900CFB940 /* SceneDelegate.swift in Sources */,
			);
			runOnlyForDeploymentPostprocessing = 0;
		};
		B1CF43F02383E00A00CFB940 /* Sources */ = {
			isa = PBXSourcesBuildPhase;
			buildActionMask = 2147483647;
			files = (
				B1CF44142383F19400CFB940 /* GTWeatherClientTests.swift in Sources */,
				B1CF44092383E07A00CFB940 /* WeatherTests.swift in Sources */,
				B1CF44072383E05A00CFB940 /* MockDecodable.swift in Sources */,
			);
			runOnlyForDeploymentPostprocessing = 0;
		};
/* End PBXSourcesBuildPhase section */

/* Begin PBXTargetDependency section */
		B1CF43F62383E00A00CFB940 /* PBXTargetDependency */ = {
			isa = PBXTargetDependency;
			target = B1CF43DD2383E00900CFB940 /* GTWeather */;
			targetProxy = B1CF43F52383E00A00CFB940 /* PBXContainerItemProxy */;
		};
/* End PBXTargetDependency section */

/* Begin PBXVariantGroup section */
		B1CF43E72383E00900CFB940 /* Main.storyboard */ = {
			isa = PBXVariantGroup;
			children = (
				B1CF43E82383E00900CFB940 /* Base */,
			);
			name = Main.storyboard;
			sourceTree = "<group>";
		};
		B1CF43EC2383E00A00CFB940 /* LaunchScreen.storyboard */ = {
			isa = PBXVariantGroup;
			children = (
				B1CF43ED2383E00A00CFB940 /* Base */,
			);
			name = LaunchScreen.storyboard;
			sourceTree = "<group>";
		};
/* End PBXVariantGroup section */

/* Begin XCBuildConfiguration section */
		B1CF43FB2383E00A00CFB940 /* Debug */ = {
			isa = XCBuildConfiguration;
			buildSettings = {
				ALWAYS_SEARCH_USER_PATHS = NO;
				CLANG_ANALYZER_NONNULL = YES;
				CLANG_ANALYZER_NUMBER_OBJECT_CONVERSION = YES_AGGRESSIVE;
				CLANG_CXX_LANGUAGE_STANDARD = "gnu++14";
				CLANG_CXX_LIBRARY = "libc++";
				CLANG_ENABLE_MODULES = YES;
				CLANG_ENABLE_OBJC_ARC = YES;
				CLANG_ENABLE_OBJC_WEAK = YES;
				CLANG_WARN_BLOCK_CAPTURE_AUTORELEASING = YES;
				CLANG_WARN_BOOL_CONVERSION = YES;
				CLANG_WARN_COMMA = YES;
				CLANG_WARN_CONSTANT_CONVERSION = YES;
				CLANG_WARN_DEPRECATED_OBJC_IMPLEMENTATIONS = YES;
				CLANG_WARN_DIRECT_OBJC_ISA_USAGE = YES_ERROR;
				CLANG_WARN_DOCUMENTATION_COMMENTS = YES;
				CLANG_WARN_EMPTY_BODY = YES;
				CLANG_WARN_ENUM_CONVERSION = YES;
				CLANG_WARN_INFINITE_RECURSION = YES;
				CLANG_WARN_INT_CONVERSION = YES;
				CLANG_WARN_NON_LITERAL_NULL_CONVERSION = YES;
				CLANG_WARN_OBJC_IMPLICIT_RETAIN_SELF = YES;
				CLANG_WARN_OBJC_LITERAL_CONVERSION = YES;
				CLANG_WARN_OBJC_ROOT_CLASS = YES_ERROR;
				CLANG_WARN_RANGE_LOOP_ANALYSIS = YES;
				CLANG_WARN_STRICT_PROTOTYPES = YES;
				CLANG_WARN_SUSPICIOUS_MOVE = YES;
				CLANG_WARN_UNGUARDED_AVAILABILITY = YES_AGGRESSIVE;
				CLANG_WARN_UNREACHABLE_CODE = YES;
				CLANG_WARN__DUPLICATE_METHOD_MATCH = YES;
				COPY_PHASE_STRIP = NO;
				DEBUG_INFORMATION_FORMAT = dwarf;
				ENABLE_STRICT_OBJC_MSGSEND = YES;
				ENABLE_TESTABILITY = YES;
				GCC_C_LANGUAGE_STANDARD = gnu11;
				GCC_DYNAMIC_NO_PIC = NO;
				GCC_NO_COMMON_BLOCKS = YES;
				GCC_OPTIMIZATION_LEVEL = 0;
				GCC_PREPROCESSOR_DEFINITIONS = (
					"DEBUG=1",
					"$(inherited)",
				);
				GCC_WARN_64_TO_32_BIT_CONVERSION = YES;
				GCC_WARN_ABOUT_RETURN_TYPE = YES_ERROR;
				GCC_WARN_UNDECLARED_SELECTOR = YES;
				GCC_WARN_UNINITIALIZED_AUTOS = YES_AGGRESSIVE;
				GCC_WARN_UNUSED_FUNCTION = YES;
				GCC_WARN_UNUSED_VARIABLE = YES;
				IPHONEOS_DEPLOYMENT_TARGET = 13.2;
				MTL_ENABLE_DEBUG_INFO = INCLUDE_SOURCE;
				MTL_FAST_MATH = YES;
				ONLY_ACTIVE_ARCH = YES;
				SDKROOT = iphoneos;
				SWIFT_ACTIVE_COMPILATION_CONDITIONS = DEBUG;
				SWIFT_OPTIMIZATION_LEVEL = "-Onone";
			};
			name = Debug;
		};
		B1CF43FC2383E00A00CFB940 /* Release */ = {
			isa = XCBuildConfiguration;
			buildSettings = {
				ALWAYS_SEARCH_USER_PATHS = NO;
				CLANG_ANALYZER_NONNULL = YES;
				CLANG_ANALYZER_NUMBER_OBJECT_CONVERSION = YES_AGGRESSIVE;
				CLANG_CXX_LANGUAGE_STANDARD = "gnu++14";
				CLANG_CXX_LIBRARY = "libc++";
				CLANG_ENABLE_MODULES = YES;
				CLANG_ENABLE_OBJC_ARC = YES;
				CLANG_ENABLE_OBJC_WEAK = YES;
				CLANG_WARN_BLOCK_CAPTURE_AUTORELEASING = YES;
				CLANG_WARN_BOOL_CONVERSION = YES;
				CLANG_WARN_COMMA = YES;
				CLANG_WARN_CONSTANT_CONVERSION = YES;
				CLANG_WARN_DEPRECATED_OBJC_IMPLEMENTATIONS = YES;
				CLANG_WARN_DIRECT_OBJC_ISA_USAGE = YES_ERROR;
				CLANG_WARN_DOCUMENTATION_COMMENTS = YES;
				CLANG_WARN_EMPTY_BODY = YES;
				CLANG_WARN_ENUM_CONVERSION = YES;
				CLANG_WARN_INFINITE_RECURSION = YES;
				CLANG_WARN_INT_CONVERSION = YES;
				CLANG_WARN_NON_LITERAL_NULL_CONVERSION = YES;
				CLANG_WARN_OBJC_IMPLICIT_RETAIN_SELF = YES;
				CLANG_WARN_OBJC_LITERAL_CONVERSION = YES;
				CLANG_WARN_OBJC_ROOT_CLASS = YES_ERROR;
				CLANG_WARN_RANGE_LOOP_ANALYSIS = YES;
				CLANG_WARN_STRICT_PROTOTYPES = YES;
				CLANG_WARN_SUSPICIOUS_MOVE = YES;
				CLANG_WARN_UNGUARDED_AVAILABILITY = YES_AGGRESSIVE;
				CLANG_WARN_UNREACHABLE_CODE = YES;
				CLANG_WARN__DUPLICATE_METHOD_MATCH = YES;
				COPY_PHASE_STRIP = NO;
				DEBUG_INFORMATION_FORMAT = "dwarf-with-dsym";
				ENABLE_NS_ASSERTIONS = NO;
				ENABLE_STRICT_OBJC_MSGSEND = YES;
				GCC_C_LANGUAGE_STANDARD = gnu11;
				GCC_NO_COMMON_BLOCKS = YES;
				GCC_WARN_64_TO_32_BIT_CONVERSION = YES;
				GCC_WARN_ABOUT_RETURN_TYPE = YES_ERROR;
				GCC_WARN_UNDECLARED_SELECTOR = YES;
				GCC_WARN_UNINITIALIZED_AUTOS = YES_AGGRESSIVE;
				GCC_WARN_UNUSED_FUNCTION = YES;
				GCC_WARN_UNUSED_VARIABLE = YES;
				IPHONEOS_DEPLOYMENT_TARGET = 13.2;
				MTL_ENABLE_DEBUG_INFO = NO;
				MTL_FAST_MATH = YES;
				SDKROOT = iphoneos;
				SWIFT_COMPILATION_MODE = wholemodule;
				SWIFT_OPTIMIZATION_LEVEL = "-O";
				VALIDATE_PRODUCT = YES;
			};
			name = Release;
		};
		B1CF43FE2383E00A00CFB940 /* Debug */ = {
			isa = XCBuildConfiguration;
			buildSettings = {
				ASSETCATALOG_COMPILER_APPICON_NAME = AppIcon;
				CODE_SIGN_STYLE = Automatic;
				DEVELOPMENT_TEAM = T22N4PJ564;
				INFOPLIST_FILE = GTWeather/Info.plist;
				LD_RUNPATH_SEARCH_PATHS = (
					"$(inherited)",
					"@executable_path/Frameworks",
				);
				PRODUCT_BUNDLE_IDENTIFIER = com.emmanueltugado.GTWeather;
				PRODUCT_NAME = "$(TARGET_NAME)";
				SWIFT_VERSION = 5.0;
				TARGETED_DEVICE_FAMILY = "1,2";
			};
			name = Debug;
		};
		B1CF43FF2383E00A00CFB940 /* Release */ = {
			isa = XCBuildConfiguration;
			buildSettings = {
				ASSETCATALOG_COMPILER_APPICON_NAME = AppIcon;
				CODE_SIGN_STYLE = Automatic;
				DEVELOPMENT_TEAM = T22N4PJ564;
				INFOPLIST_FILE = GTWeather/Info.plist;
				LD_RUNPATH_SEARCH_PATHS = (
					"$(inherited)",
					"@executable_path/Frameworks",
				);
				PRODUCT_BUNDLE_IDENTIFIER = com.emmanueltugado.GTWeather;
				PRODUCT_NAME = "$(TARGET_NAME)";
				SWIFT_VERSION = 5.0;
				TARGETED_DEVICE_FAMILY = "1,2";
			};
			name = Release;
		};
		B1CF44012383E00A00CFB940 /* Debug */ = {
			isa = XCBuildConfiguration;
			buildSettings = {
				ALWAYS_EMBED_SWIFT_STANDARD_LIBRARIES = YES;
				BUNDLE_LOADER = "$(TEST_HOST)";
				CLANG_ENABLE_MODULES = YES;
				CODE_SIGN_STYLE = Automatic;
				DEVELOPMENT_TEAM = T22N4PJ564;
				INFOPLIST_FILE = GTWeatherTests/Info.plist;
				IPHONEOS_DEPLOYMENT_TARGET = 13.2;
				LD_RUNPATH_SEARCH_PATHS = (
					"$(inherited)",
					"@executable_path/Frameworks",
					"@loader_path/Frameworks",
				);
				PRODUCT_BUNDLE_IDENTIFIER = com.emmanueltugado.GTWeatherTests;
				PRODUCT_NAME = "$(TARGET_NAME)";
				SWIFT_OPTIMIZATION_LEVEL = "-Onone";
				SWIFT_VERSION = 5.0;
				TARGETED_DEVICE_FAMILY = "1,2";
				TEST_HOST = "$(BUILT_PRODUCTS_DIR)/GTWeather.app/GTWeather";
			};
			name = Debug;
		};
		B1CF44022383E00A00CFB940 /* Release */ = {
			isa = XCBuildConfiguration;
			buildSettings = {
				ALWAYS_EMBED_SWIFT_STANDARD_LIBRARIES = YES;
				BUNDLE_LOADER = "$(TEST_HOST)";
				CLANG_ENABLE_MODULES = YES;
				CODE_SIGN_STYLE = Automatic;
				DEVELOPMENT_TEAM = T22N4PJ564;
				INFOPLIST_FILE = GTWeatherTests/Info.plist;
				IPHONEOS_DEPLOYMENT_TARGET = 13.2;
				LD_RUNPATH_SEARCH_PATHS = (
					"$(inherited)",
					"@executable_path/Frameworks",
					"@loader_path/Frameworks",
				);
				PRODUCT_BUNDLE_IDENTIFIER = com.emmanueltugado.GTWeatherTests;
				PRODUCT_NAME = "$(TARGET_NAME)";
				SWIFT_VERSION = 5.0;
				TARGETED_DEVICE_FAMILY = "1,2";
				TEST_HOST = "$(BUILT_PRODUCTS_DIR)/GTWeather.app/GTWeather";
			};
			name = Release;
		};
/* End XCBuildConfiguration section */

/* Begin XCConfigurationList section */
		B1CF43D92383E00900CFB940 /* Build configuration list for PBXProject "GTWeather" */ = {
			isa = XCConfigurationList;
			buildConfigurations = (
				B1CF43FB2383E00A00CFB940 /* Debug */,
				B1CF43FC2383E00A00CFB940 /* Release */,
			);
			defaultConfigurationIsVisible = 0;
			defaultConfigurationName = Release;
		};
		B1CF43FD2383E00A00CFB940 /* Build configuration list for PBXNativeTarget "GTWeather" */ = {
			isa = XCConfigurationList;
			buildConfigurations = (
				B1CF43FE2383E00A00CFB940 /* Debug */,
				B1CF43FF2383E00A00CFB940 /* Release */,
			);
			defaultConfigurationIsVisible = 0;
			defaultConfigurationName = Release;
		};
		B1CF44002383E00A00CFB940 /* Build configuration list for PBXNativeTarget "GTWeatherTests" */ = {
			isa = XCConfigurationList;
			buildConfigurations = (
				B1CF44012383E00A00CFB940 /* Debug */,
				B1CF44022383E00A00CFB940 /* Release */,
			);
			defaultConfigurationIsVisible = 0;
			defaultConfigurationName = Release;
		};
/* End XCConfigurationList section */
	};
	rootObject = B1CF43D62383E00900CFB940 /* Project object */;
}
